
Microsoft Visual Studio Solution File, Format Version 12.00
# Visual Studio Version 17
VisualStudioVersion = 17.13.35818.85 d17.13
MinimumVisualStudioVersion = 10.0.40219.1
Project("{FAE04EC0-301F-11D3-BF4B-00C04F79EFBC}") = "WebApi", "..\main\WebApi\WebApi.csproj", "{97AC790F-E7F0-44FD-B27D-695BD3D681A8}"
EndProject
Project("{FAE04EC0-301F-11D3-BF4B-00C04F79EFBC}") = "Application", "..\main\Application\Application.csproj", "{D9439BA9-4CCD-4883-8C07-A649F4993B72}"
EndProject
Project("{FAE04EC0-301F-11D3-BF4B-00C04F79EFBC}") = "Infrastructure", "..\main\Infrastructure\Infrastructure.csproj", "{B48D687F-0585-4F89-AA76-5E6003066F0D}"
EndProject
Project("{FAE04EC0-301F-11D3-BF4B-00C04F79EFBC}") = "Domain", "..\main\Domain\Domain.csproj", "{0A3AB8C1-CAE2-4EA1-9107-FA9D6F58D46A}"
EndProject
Project("{FAE04EC0-301F-11D3-BF4B-00C04F79EFBC}") = "UnitTests", "..\tests\UnitTests\UnitTests.csproj", "{59A6B734-4F25-4F18-A28D-6ECDC3255805}"
EndProject
Global
	GlobalSection(SolutionConfigurationPlatforms) = preSolution
		Debug|Any CPU = Debug|Any CPU
		Release|Any CPU = Release|Any CPU
	EndGlobalSection
	GlobalSection(ProjectConfigurationPlatforms) = postSolution
		{97AC790F-E7F0-44FD-B27D-695BD3D681A8}.Debug|Any CPU.ActiveCfg = Debug|Any CPU
		{97AC790F-E7F0-44FD-B27D-695BD3D681A8}.Debug|Any CPU.Build.0 = Debug|Any CPU
		{97AC790F-E7F0-44FD-B27D-695BD3D681A8}.Release|Any CPU.ActiveCfg = Release|Any CPU
		{97AC790F-E7F0-44FD-B27D-695BD3D681A8}.Release|Any CPU.Build.0 = Release|Any CPU
		{D9439BA9-4CCD-4883-8C07-A649F4993B72}.Debug|Any CPU.ActiveCfg = Debug|Any CPU
		{D9439BA9-4CCD-4883-8C07-A649F4993B72}.Debug|Any CPU.Build.0 = Debug|Any CPU
		{D9439BA9-4CCD-4883-8C07-A649F4993B72}.Release|Any CPU.ActiveCfg = Release|Any CPU
		{D9439BA9-4CCD-4883-8C07-A649F4993B72}.Release|Any CPU.Build.0 = Release|Any CPU
		{B48D687F-0585-4F89-AA76-5E6003066F0D}.Debug|Any CPU.ActiveCfg = Debug|Any CPU
		{B48D687F-0585-4F89-AA76-5E6003066F0D}.Debug|Any CPU.Build.0 = Debug|Any CPU
		{B48D687F-0585-4F89-AA76-5E6003066F0D}.Release|Any CPU.ActiveCfg = Release|Any CPU
		{B48D687F-0585-4F89-AA76-5E6003066F0D}.Release|Any CPU.Build.0 = Release|Any CPU
		{0A3AB8C1-CAE2-4EA1-9107-FA9D6F58D46A}.Debug|Any CPU.ActiveCfg = Debug|Any CPU
		{0A3AB8C1-CAE2-4EA1-9107-FA9D6F58D46A}.Debug|Any CPU.Build.0 = Debug|Any CPU
		{0A3AB8C1-CAE2-4EA1-9107-FA9D6F58D46A}.Release|Any CPU.ActiveCfg = Release|Any CPU
		{0A3AB8C1-CAE2-4EA1-9107-FA9D6F58D46A}.Release|Any CPU.Build.0 = Release|Any CPU
		{59A6B734-4F25-4F18-A28D-6ECDC3255805}.Debug|Any CPU.ActiveCfg = Debug|Any CPU
		{59A6B734-4F25-4F18-A28D-6ECDC3255805}.Debug|Any CPU.Build.0 = Debug|Any CPU
		{59A6B734-4F25-4F18-A28D-6ECDC3255805}.Release|Any CPU.ActiveCfg = Release|Any CPU
		{59A6B734-4F25-4F18-A28D-6ECDC3255805}.Release|Any CPU.Build.0 = Release|Any CPU
	EndGlobalSection
	GlobalSection(SolutionProperties) = preSolution
		HideSolutionNode = FALSE
	EndGlobalSection
	GlobalSection(ExtensibilityGlobals) = postSolution
		SolutionGuid = {F47D2B38-17C0-4737-84BF-F554A1A12A23}
	EndGlobalSection
EndGlobal
